
Microsoft Visual Studio Solution File, Format Version 12.00
# Visual Studio 15
VisualStudioVersion = 15.0.28307.106
MinimumVisualStudioVersion = 10.0.40219.1
Project("{FAE04EC0-301F-11D3-BF4B-00C04F79EFBC}") = "InfluxTry", "InfluxTry\InfluxTry.csproj", "{4EF41A64-83B7-472E-BCF3-0F9EAF180350}"
EndProject
Global
	GlobalSection(SolutionConfigurationPlatforms) = preSolution
		Debug|Any CPU = Debug|Any CPU
		Release|Any CPU = Release|Any CPU
	EndGlobalSection
	GlobalSection(ProjectConfigurationPlatforms) = postSolution
		{4EF41A64-83B7-472E-BCF3-0F9EAF180350}.Debug|Any CPU.ActiveCfg = Debug|Any CPU
		{4EF41A64-83B7-472E-BCF3-0F9EAF180350}.Debug|Any CPU.Build.0 = Debug|Any CPU
		{4EF41A64-83B7-472E-BCF3-0F9EAF180350}.Release|Any CPU.ActiveCfg = Release|Any CPU
		{4EF41A64-83B7-472E-BCF3-0F9EAF180350}.Release|Any CPU.Build.0 = Release|Any CPU
	EndGlobalSection
	GlobalSection(SolutionProperties) = preSolution
		HideSolutionNode = FALSE
	EndGlobalSection
	GlobalSection(ExtensibilityGlobals) = postSolution
		SolutionGuid = {FB462E89-AD89-4A8D-A0D8-679A354DA4CD}
	EndGlobalSection
EndGlobal
